// !$*UTF8*$!
{
	archiveVersion = 1;
	classes = {
	};
	objectVersion = 55;
	objects = {

/* Begin PBXBuildFile section */
		DE2F3C4328739CE800B6D324 /* NukeUI in Frameworks */ = {isa = PBXBuildFile; productRef = DE2F3C4228739CE800B6D324 /* NukeUI */; };
		DE42CC42286E257A005F662C /* Channels.swift in Sources */ = {isa = PBXBuildFile; fileRef = DE42CC41286E257A005F662C /* Channels.swift */; };
		DE42CC43286E257A005F662C /* Channels.swift in Sources */ = {isa = PBXBuildFile; fileRef = DE42CC41286E257A005F662C /* Channels.swift */; };
		DE42CC45286E292F005F662C /* Shared.swift in Sources */ = {isa = PBXBuildFile; fileRef = DE42CC44286E292F005F662C /* Shared.swift */; };
		DE42CC46286E292F005F662C /* Shared.swift in Sources */ = {isa = PBXBuildFile; fileRef = DE42CC44286E292F005F662C /* Shared.swift */; };
		DE42CC48286E295E005F662C /* Categories.swift in Sources */ = {isa = PBXBuildFile; fileRef = DE42CC47286E295E005F662C /* Categories.swift */; };
		DE42CC49286E295E005F662C /* Categories.swift in Sources */ = {isa = PBXBuildFile; fileRef = DE42CC47286E295E005F662C /* Categories.swift */; };
		DE48D5C428731E9300C17FA6 /* Roboto-Medium.ttf in Resources */ = {isa = PBXBuildFile; fileRef = DE48D5B728731E9300C17FA6 /* Roboto-Medium.ttf */; };
		DE48D5C528731E9300C17FA6 /* Roboto-Light.ttf in Resources */ = {isa = PBXBuildFile; fileRef = DE48D5B828731E9300C17FA6 /* Roboto-Light.ttf */; };
		DE48D5C628731E9300C17FA6 /* Roboto-Regular.ttf in Resources */ = {isa = PBXBuildFile; fileRef = DE48D5B928731E9300C17FA6 /* Roboto-Regular.ttf */; };
		DE48D5C728731E9300C17FA6 /* Roboto-MediumItalic.ttf in Resources */ = {isa = PBXBuildFile; fileRef = DE48D5BA28731E9300C17FA6 /* Roboto-MediumItalic.ttf */; };
		DE48D5C828731E9300C17FA6 /* Roboto-ThinItalic.ttf in Resources */ = {isa = PBXBuildFile; fileRef = DE48D5BB28731E9300C17FA6 /* Roboto-ThinItalic.ttf */; };
		DE48D5C928731E9300C17FA6 /* Roboto-BoldItalic.ttf in Resources */ = {isa = PBXBuildFile; fileRef = DE48D5BC28731E9300C17FA6 /* Roboto-BoldItalic.ttf */; };
		DE48D5CA28731E9300C17FA6 /* Roboto-LightItalic.ttf in Resources */ = {isa = PBXBuildFile; fileRef = DE48D5BD28731E9300C17FA6 /* Roboto-LightItalic.ttf */; };
		DE48D5CB28731E9300C17FA6 /* Roboto-Italic.ttf in Resources */ = {isa = PBXBuildFile; fileRef = DE48D5BE28731E9300C17FA6 /* Roboto-Italic.ttf */; };
		DE48D5CC28731E9300C17FA6 /* LICENSE.txt in Resources */ = {isa = PBXBuildFile; fileRef = DE48D5BF28731E9300C17FA6 /* LICENSE.txt */; };
		DE48D5CD28731E9300C17FA6 /* Roboto-BlackItalic.ttf in Resources */ = {isa = PBXBuildFile; fileRef = DE48D5C028731E9300C17FA6 /* Roboto-BlackItalic.ttf */; };
		DE48D5CE28731E9300C17FA6 /* Roboto-Bold.ttf in Resources */ = {isa = PBXBuildFile; fileRef = DE48D5C128731E9300C17FA6 /* Roboto-Bold.ttf */; };
		DE48D5CF28731E9300C17FA6 /* Roboto-Thin.ttf in Resources */ = {isa = PBXBuildFile; fileRef = DE48D5C228731E9300C17FA6 /* Roboto-Thin.ttf */; };
		DE48D5D028731E9300C17FA6 /* Roboto-Black.ttf in Resources */ = {isa = PBXBuildFile; fileRef = DE48D5C328731E9300C17FA6 /* Roboto-Black.ttf */; };
		DE48D5D3287327D500C17FA6 /* BrowseCategoriesView.swift in Sources */ = {isa = PBXBuildFile; fileRef = DE48D5D2287327D500C17FA6 /* BrowseCategoriesView.swift */; };
		DE48D5D4287327DB00C17FA6 /* BrowseCategoriesView.swift in Sources */ = {isa = PBXBuildFile; fileRef = DE48D5D2287327D500C17FA6 /* BrowseCategoriesView.swift */; };
		DE48D5D728734FA200C17FA6 /* ImageView.swift in Sources */ = {isa = PBXBuildFile; fileRef = DE48D5D628734FA200C17FA6 /* ImageView.swift */; };
		DE48D5D828734FA200C17FA6 /* ImageView.swift in Sources */ = {isa = PBXBuildFile; fileRef = DE48D5D628734FA200C17FA6 /* ImageView.swift */; };
		DE58C4D8286E1AD000384F17 /* Tests_iOS.swift in Sources */ = {isa = PBXBuildFile; fileRef = DE58C4D7286E1AD000384F17 /* Tests_iOS.swift */; };
		DE58C4DA286E1AD000384F17 /* Tests_iOSLaunchTests.swift in Sources */ = {isa = PBXBuildFile; fileRef = DE58C4D9286E1AD000384F17 /* Tests_iOSLaunchTests.swift */; };
		DE58C4E4286E1AD000384F17 /* Tests_macOS.swift in Sources */ = {isa = PBXBuildFile; fileRef = DE58C4E3286E1AD000384F17 /* Tests_macOS.swift */; };
		DE58C4E6286E1AD000384F17 /* Tests_macOSLaunchTests.swift in Sources */ = {isa = PBXBuildFile; fileRef = DE58C4E5286E1AD000384F17 /* Tests_macOSLaunchTests.swift */; };
		DE58C4E7286E1AD000384F17 /* MindValleyApp.swift in Sources */ = {isa = PBXBuildFile; fileRef = DE58C4BF286E1ACE00384F17 /* MindValleyApp.swift */; };
		DE58C4E8286E1AD000384F17 /* MindValleyApp.swift in Sources */ = {isa = PBXBuildFile; fileRef = DE58C4BF286E1ACE00384F17 /* MindValleyApp.swift */; };
		DE58C4E9286E1AD000384F17 /* ContentView.swift in Sources */ = {isa = PBXBuildFile; fileRef = DE58C4C0286E1ACE00384F17 /* ContentView.swift */; };
		DE58C4EA286E1AD000384F17 /* ContentView.swift in Sources */ = {isa = PBXBuildFile; fileRef = DE58C4C0286E1ACE00384F17 /* ContentView.swift */; };
		DE58C4EB286E1AD000384F17 /* Assets.xcassets in Resources */ = {isa = PBXBuildFile; fileRef = DE58C4C1286E1AD000384F17 /* Assets.xcassets */; };
		DE58C4EC286E1AD000384F17 /* Assets.xcassets in Resources */ = {isa = PBXBuildFile; fileRef = DE58C4C1286E1AD000384F17 /* Assets.xcassets */; };
		DE58C4FE286E1C5900384F17 /* NetworkComm.swift in Sources */ = {isa = PBXBuildFile; fileRef = DE58C4FD286E1C5900384F17 /* NetworkComm.swift */; };
		DE58C4FF286E1C5900384F17 /* NetworkComm.swift in Sources */ = {isa = PBXBuildFile; fileRef = DE58C4FD286E1C5900384F17 /* NetworkComm.swift */; };
		DE58C503286E212300384F17 /* DataManager.swift in Sources */ = {isa = PBXBuildFile; fileRef = DE58C502286E212300384F17 /* DataManager.swift */; };
		DE58C504286E212300384F17 /* DataManager.swift in Sources */ = {isa = PBXBuildFile; fileRef = DE58C502286E212300384F17 /* DataManager.swift */; };
		DE58C506286E232C00384F17 /* Episodes.swift in Sources */ = {isa = PBXBuildFile; fileRef = DE58C505286E232C00384F17 /* Episodes.swift */; };
		DE58C507286E232C00384F17 /* Episodes.swift in Sources */ = {isa = PBXBuildFile; fileRef = DE58C505286E232C00384F17 /* Episodes.swift */; };
		DEE2C3472870B09000EBC094 /* Color.swift in Sources */ = {isa = PBXBuildFile; fileRef = DEE2C3462870B09000EBC094 /* Color.swift */; };
		DEE2C34A2870CE3400EBC094 /* MediaView.swift in Sources */ = {isa = PBXBuildFile; fileRef = DEE2C3492870CE3400EBC094 /* MediaView.swift */; };
		DEE2C34B2870CE3400EBC094 /* MediaView.swift in Sources */ = {isa = PBXBuildFile; fileRef = DEE2C3492870CE3400EBC094 /* MediaView.swift */; };
		DEE2C34E28711DB900EBC094 /* SectionTitle.swift in Sources */ = {isa = PBXBuildFile; fileRef = DEE2C34D28711DB900EBC094 /* SectionTitle.swift */; };
		DEE2C34F28711DB900EBC094 /* SectionTitle.swift in Sources */ = {isa = PBXBuildFile; fileRef = DEE2C34D28711DB900EBC094 /* SectionTitle.swift */; };
/* End PBXBuildFile section */

/* Begin PBXContainerItemProxy section */
		DE58C4D4286E1AD000384F17 /* PBXContainerItemProxy */ = {
			isa = PBXContainerItemProxy;
			containerPortal = DE58C4BA286E1ACE00384F17 /* Project object */;
			proxyType = 1;
			remoteGlobalIDString = DE58C4C5286E1AD000384F17;
			remoteInfo = "MindValley (iOS)";
		};
		DE58C4E0286E1AD000384F17 /* PBXContainerItemProxy */ = {
			isa = PBXContainerItemProxy;
			containerPortal = DE58C4BA286E1ACE00384F17 /* Project object */;
			proxyType = 1;
			remoteGlobalIDString = DE58C4CB286E1AD000384F17;
			remoteInfo = "MindValley (macOS)";
		};
/* End PBXContainerItemProxy section */

/* Begin PBXFileReference section */
		DE42CC41286E257A005F662C /* Channels.swift */ = {isa = PBXFileReference; lastKnownFileType = sourcecode.swift; path = Channels.swift; sourceTree = "<group>"; };
		DE42CC44286E292F005F662C /* Shared.swift */ = {isa = PBXFileReference; lastKnownFileType = sourcecode.swift; path = Shared.swift; sourceTree = "<group>"; };
		DE42CC47286E295E005F662C /* Categories.swift */ = {isa = PBXFileReference; lastKnownFileType = sourcecode.swift; path = Categories.swift; sourceTree = "<group>"; };
		DE48D5B728731E9300C17FA6 /* Roboto-Medium.ttf */ = {isa = PBXFileReference; lastKnownFileType = file; path = "Roboto-Medium.ttf"; sourceTree = "<group>"; };
		DE48D5B828731E9300C17FA6 /* Roboto-Light.ttf */ = {isa = PBXFileReference; lastKnownFileType = file; path = "Roboto-Light.ttf"; sourceTree = "<group>"; };
		DE48D5B928731E9300C17FA6 /* Roboto-Regular.ttf */ = {isa = PBXFileReference; lastKnownFileType = file; path = "Roboto-Regular.ttf"; sourceTree = "<group>"; };
		DE48D5BA28731E9300C17FA6 /* Roboto-MediumItalic.ttf */ = {isa = PBXFileReference; lastKnownFileType = file; path = "Roboto-MediumItalic.ttf"; sourceTree = "<group>"; };
		DE48D5BB28731E9300C17FA6 /* Roboto-ThinItalic.ttf */ = {isa = PBXFileReference; lastKnownFileType = file; path = "Roboto-ThinItalic.ttf"; sourceTree = "<group>"; };
		DE48D5BC28731E9300C17FA6 /* Roboto-BoldItalic.ttf */ = {isa = PBXFileReference; lastKnownFileType = file; path = "Roboto-BoldItalic.ttf"; sourceTree = "<group>"; };
		DE48D5BD28731E9300C17FA6 /* Roboto-LightItalic.ttf */ = {isa = PBXFileReference; lastKnownFileType = file; path = "Roboto-LightItalic.ttf"; sourceTree = "<group>"; };
		DE48D5BE28731E9300C17FA6 /* Roboto-Italic.ttf */ = {isa = PBXFileReference; lastKnownFileType = file; path = "Roboto-Italic.ttf"; sourceTree = "<group>"; };
		DE48D5BF28731E9300C17FA6 /* LICENSE.txt */ = {isa = PBXFileReference; fileEncoding = 4; lastKnownFileType = text; path = LICENSE.txt; sourceTree = "<group>"; };
		DE48D5C028731E9300C17FA6 /* Roboto-BlackItalic.ttf */ = {isa = PBXFileReference; lastKnownFileType = file; path = "Roboto-BlackItalic.ttf"; sourceTree = "<group>"; };
		DE48D5C128731E9300C17FA6 /* Roboto-Bold.ttf */ = {isa = PBXFileReference; lastKnownFileType = file; path = "Roboto-Bold.ttf"; sourceTree = "<group>"; };
		DE48D5C228731E9300C17FA6 /* Roboto-Thin.ttf */ = {isa = PBXFileReference; lastKnownFileType = file; path = "Roboto-Thin.ttf"; sourceTree = "<group>"; };
		DE48D5C328731E9300C17FA6 /* Roboto-Black.ttf */ = {isa = PBXFileReference; lastKnownFileType = file; path = "Roboto-Black.ttf"; sourceTree = "<group>"; };
		DE48D5D1287320C100C17FA6 /* MindValley--iOS--Info.plist */ = {isa = PBXFileReference; lastKnownFileType = text.plist; path = "MindValley--iOS--Info.plist"; sourceTree = "<group>"; };
		DE48D5D2287327D500C17FA6 /* BrowseCategoriesView.swift */ = {isa = PBXFileReference; lastKnownFileType = sourcecode.swift; path = BrowseCategoriesView.swift; sourceTree = "<group>"; };
		DE48D5D628734FA200C17FA6 /* ImageView.swift */ = {isa = PBXFileReference; lastKnownFileType = sourcecode.swift; path = ImageView.swift; sourceTree = "<group>"; };
		DE58C4BF286E1ACE00384F17 /* MindValleyApp.swift */ = {isa = PBXFileReference; lastKnownFileType = sourcecode.swift; path = MindValleyApp.swift; sourceTree = "<group>"; };
		DE58C4C0286E1ACE00384F17 /* ContentView.swift */ = {isa = PBXFileReference; lastKnownFileType = sourcecode.swift; path = ContentView.swift; sourceTree = "<group>"; };
		DE58C4C1286E1AD000384F17 /* Assets.xcassets */ = {isa = PBXFileReference; lastKnownFileType = folder.assetcatalog; path = Assets.xcassets; sourceTree = "<group>"; };
		DE58C4C6286E1AD000384F17 /* MindValley.app */ = {isa = PBXFileReference; explicitFileType = wrapper.application; includeInIndex = 0; path = MindValley.app; sourceTree = BUILT_PRODUCTS_DIR; };
		DE58C4CC286E1AD000384F17 /* MindValley.app */ = {isa = PBXFileReference; explicitFileType = wrapper.application; includeInIndex = 0; path = MindValley.app; sourceTree = BUILT_PRODUCTS_DIR; };
		DE58C4CE286E1AD000384F17 /* macOS.entitlements */ = {isa = PBXFileReference; lastKnownFileType = text.plist.entitlements; path = macOS.entitlements; sourceTree = "<group>"; };
		DE58C4D3286E1AD000384F17 /* Tests iOS.xctest */ = {isa = PBXFileReference; explicitFileType = wrapper.cfbundle; includeInIndex = 0; path = "Tests iOS.xctest"; sourceTree = BUILT_PRODUCTS_DIR; };
		DE58C4D7286E1AD000384F17 /* Tests_iOS.swift */ = {isa = PBXFileReference; lastKnownFileType = sourcecode.swift; path = Tests_iOS.swift; sourceTree = "<group>"; };
		DE58C4D9286E1AD000384F17 /* Tests_iOSLaunchTests.swift */ = {isa = PBXFileReference; lastKnownFileType = sourcecode.swift; path = Tests_iOSLaunchTests.swift; sourceTree = "<group>"; };
		DE58C4DF286E1AD000384F17 /* Tests macOS.xctest */ = {isa = PBXFileReference; explicitFileType = wrapper.cfbundle; includeInIndex = 0; path = "Tests macOS.xctest"; sourceTree = BUILT_PRODUCTS_DIR; };
		DE58C4E3286E1AD000384F17 /* Tests_macOS.swift */ = {isa = PBXFileReference; lastKnownFileType = sourcecode.swift; path = Tests_macOS.swift; sourceTree = "<group>"; };
		DE58C4E5286E1AD000384F17 /* Tests_macOSLaunchTests.swift */ = {isa = PBXFileReference; lastKnownFileType = sourcecode.swift; path = Tests_macOSLaunchTests.swift; sourceTree = "<group>"; };
		DE58C4FD286E1C5900384F17 /* NetworkComm.swift */ = {isa = PBXFileReference; lastKnownFileType = sourcecode.swift; path = NetworkComm.swift; sourceTree = "<group>"; };
		DE58C500286E1EF200384F17 /* README.md */ = {isa = PBXFileReference; lastKnownFileType = net.daringfireball.markdown; path = README.md; sourceTree = "<group>"; };
		DE58C502286E212300384F17 /* DataManager.swift */ = {isa = PBXFileReference; lastKnownFileType = sourcecode.swift; path = DataManager.swift; sourceTree = "<group>"; };
		DE58C505286E232C00384F17 /* Episodes.swift */ = {isa = PBXFileReference; lastKnownFileType = sourcecode.swift; path = Episodes.swift; sourceTree = "<group>"; };
		DEE2C3462870B09000EBC094 /* Color.swift */ = {isa = PBXFileReference; lastKnownFileType = sourcecode.swift; path = Color.swift; sourceTree = "<group>"; };
		DEE2C3492870CE3400EBC094 /* MediaView.swift */ = {isa = PBXFileReference; lastKnownFileType = sourcecode.swift; path = MediaView.swift; sourceTree = "<group>"; };
		DEE2C34D28711DB900EBC094 /* SectionTitle.swift */ = {isa = PBXFileReference; lastKnownFileType = sourcecode.swift; path = SectionTitle.swift; sourceTree = "<group>"; };
/* End PBXFileReference section */

/* Begin PBXFrameworksBuildPhase section */
		DE58C4C3286E1AD000384F17 /* Frameworks */ = {
			isa = PBXFrameworksBuildPhase;
			buildActionMask = 2147483647;
			files = (
				DE2F3C4328739CE800B6D324 /* NukeUI in Frameworks */,
			);
			runOnlyForDeploymentPostprocessing = 0;
		};
		DE58C4C9286E1AD000384F17 /* Frameworks */ = {
			isa = PBXFrameworksBuildPhase;
			buildActionMask = 2147483647;
			files = (
			);
			runOnlyForDeploymentPostprocessing = 0;
		};
		DE58C4D0286E1AD000384F17 /* Frameworks */ = {
			isa = PBXFrameworksBuildPhase;
			buildActionMask = 2147483647;
			files = (
			);
			runOnlyForDeploymentPostprocessing = 0;
		};
		DE58C4DC286E1AD000384F17 /* Frameworks */ = {
			isa = PBXFrameworksBuildPhase;
			buildActionMask = 2147483647;
			files = (
			);
			runOnlyForDeploymentPostprocessing = 0;
		};
/* End PBXFrameworksBuildPhase section */

/* Begin PBXGroup section */
		DE48D5B428731E7900C17FA6 /* Fonts */ = {
			isa = PBXGroup;
			children = (
				DE48D5B628731E9300C17FA6 /* Roboto */,
			);
			path = Fonts;
			sourceTree = "<group>";
		};
		DE48D5B628731E9300C17FA6 /* Roboto */ = {
			isa = PBXGroup;
			children = (
				DE48D5B728731E9300C17FA6 /* Roboto-Medium.ttf */,
				DE48D5B828731E9300C17FA6 /* Roboto-Light.ttf */,
				DE48D5B928731E9300C17FA6 /* Roboto-Regular.ttf */,
				DE48D5BA28731E9300C17FA6 /* Roboto-MediumItalic.ttf */,
				DE48D5BB28731E9300C17FA6 /* Roboto-ThinItalic.ttf */,
				DE48D5BC28731E9300C17FA6 /* Roboto-BoldItalic.ttf */,
				DE48D5BD28731E9300C17FA6 /* Roboto-LightItalic.ttf */,
				DE48D5BE28731E9300C17FA6 /* Roboto-Italic.ttf */,
				DE48D5BF28731E9300C17FA6 /* LICENSE.txt */,
				DE48D5C028731E9300C17FA6 /* Roboto-BlackItalic.ttf */,
				DE48D5C128731E9300C17FA6 /* Roboto-Bold.ttf */,
				DE48D5C228731E9300C17FA6 /* Roboto-Thin.ttf */,
				DE48D5C328731E9300C17FA6 /* Roboto-Black.ttf */,
			);
			path = Roboto;
			sourceTree = "<group>";
		};
		DE48D5D52873294600C17FA6 /* ViewModifier */ = {
			isa = PBXGroup;
			children = (
				DEE2C34D28711DB900EBC094 /* SectionTitle.swift */,
			);
			path = ViewModifier;
			sourceTree = "<group>";
		};
		DE58C4B9286E1ACE00384F17 = {
			isa = PBXGroup;
			children = (
				DE48D5D1287320C100C17FA6 /* MindValley--iOS--Info.plist */,
				DE58C500286E1EF200384F17 /* README.md */,
				DEE2C34C28711D8700EBC094 /* Custom */,
				DEE2C3452870B05F00EBC094 /* Extensions */,
				DE58C501286E1F8000384F17 /* Models */,
				DE58C4FC286E1C2B00384F17 /* ViewModels */,
				DE58C4BE286E1ACE00384F17 /* Shared */,
				DE58C4CD286E1AD000384F17 /* macOS */,
				DE58C4D6286E1AD000384F17 /* Tests iOS */,
				DE58C4E2286E1AD000384F17 /* Tests macOS */,
				DE58C4C7286E1AD000384F17 /* Products */,
			);
			sourceTree = "<group>";
		};
		DE58C4BE286E1ACE00384F17 /* Shared */ = {
			isa = PBXGroup;
			children = (
				DEE2C3482870BE9600EBC094 /* Views */,
				DE58C4BF286E1ACE00384F17 /* MindValleyApp.swift */,
				DE58C4C1286E1AD000384F17 /* Assets.xcassets */,
			);
			path = Shared;
			sourceTree = "<group>";
		};
		DE58C4C7286E1AD000384F17 /* Products */ = {
			isa = PBXGroup;
			children = (
				DE58C4C6286E1AD000384F17 /* MindValley.app */,
				DE58C4CC286E1AD000384F17 /* MindValley.app */,
				DE58C4D3286E1AD000384F17 /* Tests iOS.xctest */,
				DE58C4DF286E1AD000384F17 /* Tests macOS.xctest */,
			);
			name = Products;
			sourceTree = "<group>";
		};
		DE58C4CD286E1AD000384F17 /* macOS */ = {
			isa = PBXGroup;
			children = (
				DE58C4CE286E1AD000384F17 /* macOS.entitlements */,
			);
			path = macOS;
			sourceTree = "<group>";
		};
		DE58C4D6286E1AD000384F17 /* Tests iOS */ = {
			isa = PBXGroup;
			children = (
				DE58C4D7286E1AD000384F17 /* Tests_iOS.swift */,
				DE58C4D9286E1AD000384F17 /* Tests_iOSLaunchTests.swift */,
			);
			path = "Tests iOS";
			sourceTree = "<group>";
		};
		DE58C4E2286E1AD000384F17 /* Tests macOS */ = {
			isa = PBXGroup;
			children = (
				DE58C4E3286E1AD000384F17 /* Tests_macOS.swift */,
				DE58C4E5286E1AD000384F17 /* Tests_macOSLaunchTests.swift */,
			);
			path = "Tests macOS";
			sourceTree = "<group>";
		};
		DE58C4FC286E1C2B00384F17 /* ViewModels */ = {
			isa = PBXGroup;
			children = (
				DE58C4FD286E1C5900384F17 /* NetworkComm.swift */,
				DE58C502286E212300384F17 /* DataManager.swift */,
			);
			path = ViewModels;
			sourceTree = "<group>";
		};
		DE58C501286E1F8000384F17 /* Models */ = {
			isa = PBXGroup;
			children = (
				DE42CC41286E257A005F662C /* Channels.swift */,
				DE42CC47286E295E005F662C /* Categories.swift */,
				DE58C505286E232C00384F17 /* Episodes.swift */,
				DE42CC44286E292F005F662C /* Shared.swift */,
			);
			path = Models;
			sourceTree = "<group>";
		};
		DEE2C3452870B05F00EBC094 /* Extensions */ = {
			isa = PBXGroup;
			children = (
				DEE2C3462870B09000EBC094 /* Color.swift */,
			);
			path = Extensions;
			sourceTree = "<group>";
		};
		DEE2C3482870BE9600EBC094 /* Views */ = {
			isa = PBXGroup;
			children = (
				DE48D5D52873294600C17FA6 /* ViewModifier */,
				DE58C4C0286E1ACE00384F17 /* ContentView.swift */,
				DEE2C3492870CE3400EBC094 /* MediaView.swift */,
				DE48D5D2287327D500C17FA6 /* BrowseCategoriesView.swift */,
				DE48D5D628734FA200C17FA6 /* ImageView.swift */,
			);
			path = Views;
			sourceTree = "<group>";
		};
		DEE2C34C28711D8700EBC094 /* Custom */ = {
			isa = PBXGroup;
			children = (
				DE48D5B428731E7900C17FA6 /* Fonts */,
			);
			path = Custom;
			sourceTree = "<group>";
		};
/* End PBXGroup section */

/* Begin PBXNativeTarget section */
		DE58C4C5286E1AD000384F17 /* MindValley (iOS) */ = {
			isa = PBXNativeTarget;
			buildConfigurationList = DE58C4EF286E1AD000384F17 /* Build configuration list for PBXNativeTarget "MindValley (iOS)" */;
			buildPhases = (
				DE58C4C2286E1AD000384F17 /* Sources */,
				DE58C4C3286E1AD000384F17 /* Frameworks */,
				DE58C4C4286E1AD000384F17 /* Resources */,
			);
			buildRules = (
			);
			dependencies = (
			);
			name = "MindValley (iOS)";
			packageProductDependencies = (
				DE2F3C4228739CE800B6D324 /* NukeUI */,
			);
			productName = "MindValley (iOS)";
			productReference = DE58C4C6286E1AD000384F17 /* MindValley.app */;
			productType = "com.apple.product-type.application";
		};
		DE58C4CB286E1AD000384F17 /* MindValley (macOS) */ = {
			isa = PBXNativeTarget;
			buildConfigurationList = DE58C4F2286E1AD000384F17 /* Build configuration list for PBXNativeTarget "MindValley (macOS)" */;
			buildPhases = (
				DE58C4C8286E1AD000384F17 /* Sources */,
				DE58C4C9286E1AD000384F17 /* Frameworks */,
				DE58C4CA286E1AD000384F17 /* Resources */,
			);
			buildRules = (
			);
			dependencies = (
			);
			name = "MindValley (macOS)";
			productName = "MindValley (macOS)";
			productReference = DE58C4CC286E1AD000384F17 /* MindValley.app */;
			productType = "com.apple.product-type.application";
		};
		DE58C4D2286E1AD000384F17 /* Tests iOS */ = {
			isa = PBXNativeTarget;
			buildConfigurationList = DE58C4F5286E1AD000384F17 /* Build configuration list for PBXNativeTarget "Tests iOS" */;
			buildPhases = (
				DE58C4CF286E1AD000384F17 /* Sources */,
				DE58C4D0286E1AD000384F17 /* Frameworks */,
				DE58C4D1286E1AD000384F17 /* Resources */,
			);
			buildRules = (
			);
			dependencies = (
				DE58C4D5286E1AD000384F17 /* PBXTargetDependency */,
			);
			name = "Tests iOS";
			productName = "Tests iOS";
			productReference = DE58C4D3286E1AD000384F17 /* Tests iOS.xctest */;
			productType = "com.apple.product-type.bundle.ui-testing";
		};
		DE58C4DE286E1AD000384F17 /* Tests macOS */ = {
			isa = PBXNativeTarget;
			buildConfigurationList = DE58C4F8286E1AD000384F17 /* Build configuration list for PBXNativeTarget "Tests macOS" */;
			buildPhases = (
				DE58C4DB286E1AD000384F17 /* Sources */,
				DE58C4DC286E1AD000384F17 /* Frameworks */,
				DE58C4DD286E1AD000384F17 /* Resources */,
			);
			buildRules = (
			);
			dependencies = (
				DE58C4E1286E1AD000384F17 /* PBXTargetDependency */,
			);
			name = "Tests macOS";
			productName = "Tests macOS";
			productReference = DE58C4DF286E1AD000384F17 /* Tests macOS.xctest */;
			productType = "com.apple.product-type.bundle.ui-testing";
		};
/* End PBXNativeTarget section */

/* Begin PBXProject section */
		DE58C4BA286E1ACE00384F17 /* Project object */ = {
			isa = PBXProject;
			attributes = {
				BuildIndependentTargetsInParallel = 1;
				LastSwiftUpdateCheck = 1340;
				LastUpgradeCheck = 1340;
				TargetAttributes = {
					DE58C4C5286E1AD000384F17 = {
						CreatedOnToolsVersion = 13.4.1;
					};
					DE58C4CB286E1AD000384F17 = {
						CreatedOnToolsVersion = 13.4.1;
					};
					DE58C4D2286E1AD000384F17 = {
						CreatedOnToolsVersion = 13.4.1;
						TestTargetID = DE58C4C5286E1AD000384F17;
					};
					DE58C4DE286E1AD000384F17 = {
						CreatedOnToolsVersion = 13.4.1;
						TestTargetID = DE58C4CB286E1AD000384F17;
					};
				};
			};
			buildConfigurationList = DE58C4BD286E1ACE00384F17 /* Build configuration list for PBXProject "MindValley" */;
			compatibilityVersion = "Xcode 13.0";
			developmentRegion = en;
			hasScannedForEncodings = 0;
			knownRegions = (
				en,
				Base,
			);
			mainGroup = DE58C4B9286E1ACE00384F17;
			packageReferences = (
				DE2F3C4128739CE800B6D324 /* XCRemoteSwiftPackageReference "NukeUI" */,
			);
			productRefGroup = DE58C4C7286E1AD000384F17 /* Products */;
			projectDirPath = "";
			projectRoot = "";
			targets = (
				DE58C4C5286E1AD000384F17 /* MindValley (iOS) */,
				DE58C4CB286E1AD000384F17 /* MindValley (macOS) */,
				DE58C4D2286E1AD000384F17 /* Tests iOS */,
				DE58C4DE286E1AD000384F17 /* Tests macOS */,
			);
		};
/* End PBXProject section */

/* Begin PBXResourcesBuildPhase section */
		DE58C4C4286E1AD000384F17 /* Resources */ = {
			isa = PBXResourcesBuildPhase;
			buildActionMask = 2147483647;
			files = (
				DE48D5C828731E9300C17FA6 /* Roboto-ThinItalic.ttf in Resources */,
				DE48D5CB28731E9300C17FA6 /* Roboto-Italic.ttf in Resources */,
				DE48D5CE28731E9300C17FA6 /* Roboto-Bold.ttf in Resources */,
				DE48D5C428731E9300C17FA6 /* Roboto-Medium.ttf in Resources */,
				DE48D5CA28731E9300C17FA6 /* Roboto-LightItalic.ttf in Resources */,
				DE48D5C728731E9300C17FA6 /* Roboto-MediumItalic.ttf in Resources */,
				DE58C4EB286E1AD000384F17 /* Assets.xcassets in Resources */,
				DE48D5CD28731E9300C17FA6 /* Roboto-BlackItalic.ttf in Resources */,
				DE48D5C628731E9300C17FA6 /* Roboto-Regular.ttf in Resources */,
				DE48D5C928731E9300C17FA6 /* Roboto-BoldItalic.ttf in Resources */,
				DE48D5CC28731E9300C17FA6 /* LICENSE.txt in Resources */,
				DE48D5D028731E9300C17FA6 /* Roboto-Black.ttf in Resources */,
				DE48D5CF28731E9300C17FA6 /* Roboto-Thin.ttf in Resources */,
				DE48D5C528731E9300C17FA6 /* Roboto-Light.ttf in Resources */,
			);
			runOnlyForDeploymentPostprocessing = 0;
		};
		DE58C4CA286E1AD000384F17 /* Resources */ = {
			isa = PBXResourcesBuildPhase;
			buildActionMask = 2147483647;
			files = (
				DE58C4EC286E1AD000384F17 /* Assets.xcassets in Resources */,
			);
			runOnlyForDeploymentPostprocessing = 0;
		};
		DE58C4D1286E1AD000384F17 /* Resources */ = {
			isa = PBXResourcesBuildPhase;
			buildActionMask = 2147483647;
			files = (
			);
			runOnlyForDeploymentPostprocessing = 0;
		};
		DE58C4DD286E1AD000384F17 /* Resources */ = {
			isa = PBXResourcesBuildPhase;
			buildActionMask = 2147483647;
			files = (
			);
			runOnlyForDeploymentPostprocessing = 0;
		};
/* End PBXResourcesBuildPhase section */

/* Begin PBXSourcesBuildPhase section */
		DE58C4C2286E1AD000384F17 /* Sources */ = {
			isa = PBXSourcesBuildPhase;
			buildActionMask = 2147483647;
			files = (
				DE48D5D3287327D500C17FA6 /* BrowseCategoriesView.swift in Sources */,
				DE42CC45286E292F005F662C /* Shared.swift in Sources */,
				DE42CC48286E295E005F662C /* Categories.swift in Sources */,
				DEE2C34E28711DB900EBC094 /* SectionTitle.swift in Sources */,
				DE48D5D728734FA200C17FA6 /* ImageView.swift in Sources */,
				DE58C4FE286E1C5900384F17 /* NetworkComm.swift in Sources */,
				DE58C503286E212300384F17 /* DataManager.swift in Sources */,
				DEE2C34A2870CE3400EBC094 /* MediaView.swift in Sources */,
				DE58C4E9286E1AD000384F17 /* ContentView.swift in Sources */,
				DE42CC42286E257A005F662C /* Channels.swift in Sources */,
				DE58C4E7286E1AD000384F17 /* MindValleyApp.swift in Sources */,
				DE58C506286E232C00384F17 /* Episodes.swift in Sources */,
				DEE2C3472870B09000EBC094 /* Color.swift in Sources */,
			);
			runOnlyForDeploymentPostprocessing = 0;
		};
		DE58C4C8286E1AD000384F17 /* Sources */ = {
			isa = PBXSourcesBuildPhase;
			buildActionMask = 2147483647;
			files = (
				DE48D5D828734FA200C17FA6 /* ImageView.swift in Sources */,
				DEE2C34F28711DB900EBC094 /* SectionTitle.swift in Sources */,
				DE42CC46286E292F005F662C /* Shared.swift in Sources */,
				DEE2C34B2870CE3400EBC094 /* MediaView.swift in Sources */,
				DE42CC49286E295E005F662C /* Categories.swift in Sources */,
				DE48D5D4287327DB00C17FA6 /* BrowseCategoriesView.swift in Sources */,
				DE58C4FF286E1C5900384F17 /* NetworkComm.swift in Sources */,
				DE58C504286E212300384F17 /* DataManager.swift in Sources */,
				DE58C4EA286E1AD000384F17 /* ContentView.swift in Sources */,
				DE42CC43286E257A005F662C /* Channels.swift in Sources */,
				DE58C4E8286E1AD000384F17 /* MindValleyApp.swift in Sources */,
				DE58C507286E232C00384F17 /* Episodes.swift in Sources */,
			);
			runOnlyForDeploymentPostprocessing = 0;
		};
		DE58C4CF286E1AD000384F17 /* Sources */ = {
			isa = PBXSourcesBuildPhase;
			buildActionMask = 2147483647;
			files = (
				DE58C4DA286E1AD000384F17 /* Tests_iOSLaunchTests.swift in Sources */,
				DE58C4D8286E1AD000384F17 /* Tests_iOS.swift in Sources */,
			);
			runOnlyForDeploymentPostprocessing = 0;
		};
		DE58C4DB286E1AD000384F17 /* Sources */ = {
			isa = PBXSourcesBuildPhase;
			buildActionMask = 2147483647;
			files = (
				DE58C4E6286E1AD000384F17 /* Tests_macOSLaunchTests.swift in Sources */,
				DE58C4E4286E1AD000384F17 /* Tests_macOS.swift in Sources */,
			);
			runOnlyForDeploymentPostprocessing = 0;
		};
/* End PBXSourcesBuildPhase section */

/* Begin PBXTargetDependency section */
		DE58C4D5286E1AD000384F17 /* PBXTargetDependency */ = {
			isa = PBXTargetDependency;
			target = DE58C4C5286E1AD000384F17 /* MindValley (iOS) */;
			targetProxy = DE58C4D4286E1AD000384F17 /* PBXContainerItemProxy */;
		};
		DE58C4E1286E1AD000384F17 /* PBXTargetDependency */ = {
			isa = PBXTargetDependency;
			target = DE58C4CB286E1AD000384F17 /* MindValley (macOS) */;
			targetProxy = DE58C4E0286E1AD000384F17 /* PBXContainerItemProxy */;
		};
/* End PBXTargetDependency section */

/* Begin XCBuildConfiguration section */
		DE58C4ED286E1AD000384F17 /* Debug */ = {
			isa = XCBuildConfiguration;
			buildSettings = {
				ALWAYS_SEARCH_USER_PATHS = NO;
				CLANG_ANALYZER_NONNULL = YES;
				CLANG_ANALYZER_NUMBER_OBJECT_CONVERSION = YES_AGGRESSIVE;
				CLANG_CXX_LANGUAGE_STANDARD = "gnu++17";
				CLANG_ENABLE_MODULES = YES;
				CLANG_ENABLE_OBJC_ARC = YES;
				CLANG_ENABLE_OBJC_WEAK = YES;
				CLANG_WARN_BLOCK_CAPTURE_AUTORELEASING = YES;
				CLANG_WARN_BOOL_CONVERSION = YES;
				CLANG_WARN_COMMA = YES;
				CLANG_WARN_CONSTANT_CONVERSION = YES;
				CLANG_WARN_DEPRECATED_OBJC_IMPLEMENTATIONS = YES;
				CLANG_WARN_DIRECT_OBJC_ISA_USAGE = YES_ERROR;
				CLANG_WARN_DOCUMENTATION_COMMENTS = YES;
				CLANG_WARN_EMPTY_BODY = YES;
				CLANG_WARN_ENUM_CONVERSION = YES;
				CLANG_WARN_INFINITE_RECURSION = YES;
				CLANG_WARN_INT_CONVERSION = YES;
				CLANG_WARN_NON_LITERAL_NULL_CONVERSION = YES;
				CLANG_WARN_OBJC_IMPLICIT_RETAIN_SELF = YES;
				CLANG_WARN_OBJC_LITERAL_CONVERSION = YES;
				CLANG_WARN_OBJC_ROOT_CLASS = YES_ERROR;
				CLANG_WARN_QUOTED_INCLUDE_IN_FRAMEWORK_HEADER = YES;
				CLANG_WARN_RANGE_LOOP_ANALYSIS = YES;
				CLANG_WARN_STRICT_PROTOTYPES = YES;
				CLANG_WARN_SUSPICIOUS_MOVE = YES;
				CLANG_WARN_UNGUARDED_AVAILABILITY = YES_AGGRESSIVE;
				CLANG_WARN_UNREACHABLE_CODE = YES;
				CLANG_WARN__DUPLICATE_METHOD_MATCH = YES;
				COPY_PHASE_STRIP = NO;
				DEBUG_INFORMATION_FORMAT = dwarf;
				ENABLE_STRICT_OBJC_MSGSEND = YES;
				ENABLE_TESTABILITY = YES;
				GCC_C_LANGUAGE_STANDARD = gnu11;
				GCC_DYNAMIC_NO_PIC = NO;
				GCC_NO_COMMON_BLOCKS = YES;
				GCC_OPTIMIZATION_LEVEL = 0;
				GCC_PREPROCESSOR_DEFINITIONS = (
					"DEBUG=1",
					"$(inherited)",
				);
				GCC_WARN_64_TO_32_BIT_CONVERSION = YES;
				GCC_WARN_ABOUT_RETURN_TYPE = YES_ERROR;
				GCC_WARN_UNDECLARED_SELECTOR = YES;
				GCC_WARN_UNINITIALIZED_AUTOS = YES_AGGRESSIVE;
				GCC_WARN_UNUSED_FUNCTION = YES;
				GCC_WARN_UNUSED_VARIABLE = YES;
				MTL_ENABLE_DEBUG_INFO = INCLUDE_SOURCE;
				MTL_FAST_MATH = YES;
				ONLY_ACTIVE_ARCH = YES;
				SWIFT_ACTIVE_COMPILATION_CONDITIONS = DEBUG;
				SWIFT_OPTIMIZATION_LEVEL = "-Onone";
			};
			name = Debug;
		};
		DE58C4EE286E1AD000384F17 /* Release */ = {
			isa = XCBuildConfiguration;
			buildSettings = {
				ALWAYS_SEARCH_USER_PATHS = NO;
				CLANG_ANALYZER_NONNULL = YES;
				CLANG_ANALYZER_NUMBER_OBJECT_CONVERSION = YES_AGGRESSIVE;
				CLANG_CXX_LANGUAGE_STANDARD = "gnu++17";
				CLANG_ENABLE_MODULES = YES;
				CLANG_ENABLE_OBJC_ARC = YES;
				CLANG_ENABLE_OBJC_WEAK = YES;
				CLANG_WARN_BLOCK_CAPTURE_AUTORELEASING = YES;
				CLANG_WARN_BOOL_CONVERSION = YES;
				CLANG_WARN_COMMA = YES;
				CLANG_WARN_CONSTANT_CONVERSION = YES;
				CLANG_WARN_DEPRECATED_OBJC_IMPLEMENTATIONS = YES;
				CLANG_WARN_DIRECT_OBJC_ISA_USAGE = YES_ERROR;
				CLANG_WARN_DOCUMENTATION_COMMENTS = YES;
				CLANG_WARN_EMPTY_BODY = YES;
				CLANG_WARN_ENUM_CONVERSION = YES;
				CLANG_WARN_INFINITE_RECURSION = YES;
				CLANG_WARN_INT_CONVERSION = YES;
				CLANG_WARN_NON_LITERAL_NULL_CONVERSION = YES;
				CLANG_WARN_OBJC_IMPLICIT_RETAIN_SELF = YES;
				CLANG_WARN_OBJC_LITERAL_CONVERSION = YES;
				CLANG_WARN_OBJC_ROOT_CLASS = YES_ERROR;
				CLANG_WARN_QUOTED_INCLUDE_IN_FRAMEWORK_HEADER = YES;
				CLANG_WARN_RANGE_LOOP_ANALYSIS = YES;
				CLANG_WARN_STRICT_PROTOTYPES = YES;
				CLANG_WARN_SUSPICIOUS_MOVE = YES;
				CLANG_WARN_UNGUARDED_AVAILABILITY = YES_AGGRESSIVE;
				CLANG_WARN_UNREACHABLE_CODE = YES;
				CLANG_WARN__DUPLICATE_METHOD_MATCH = YES;
				COPY_PHASE_STRIP = NO;
				DEBUG_INFORMATION_FORMAT = "dwarf-with-dsym";
				ENABLE_NS_ASSERTIONS = NO;
				ENABLE_STRICT_OBJC_MSGSEND = YES;
				GCC_C_LANGUAGE_STANDARD = gnu11;
				GCC_NO_COMMON_BLOCKS = YES;
				GCC_WARN_64_TO_32_BIT_CONVERSION = YES;
				GCC_WARN_ABOUT_RETURN_TYPE = YES_ERROR;
				GCC_WARN_UNDECLARED_SELECTOR = YES;
				GCC_WARN_UNINITIALIZED_AUTOS = YES_AGGRESSIVE;
				GCC_WARN_UNUSED_FUNCTION = YES;
				GCC_WARN_UNUSED_VARIABLE = YES;
				MTL_ENABLE_DEBUG_INFO = NO;
				MTL_FAST_MATH = YES;
				SWIFT_COMPILATION_MODE = wholemodule;
				SWIFT_OPTIMIZATION_LEVEL = "-O";
			};
			name = Release;
		};
		DE58C4F0286E1AD000384F17 /* Debug */ = {
			isa = XCBuildConfiguration;
			buildSettings = {
				ASSETCATALOG_COMPILER_APPICON_NAME = AppIcon;
				ASSETCATALOG_COMPILER_GLOBAL_ACCENT_COLOR_NAME = AccentColor;
				CODE_SIGN_STYLE = Automatic;
				CURRENT_PROJECT_VERSION = 1;
				DEVELOPMENT_TEAM = R6F5KHKKNX;
				ENABLE_PREVIEWS = YES;
				GENERATE_INFOPLIST_FILE = YES;
				INFOPLIST_FILE = "MindValley--iOS--Info.plist";
				INFOPLIST_KEY_UIApplicationSceneManifest_Generation = YES;
				INFOPLIST_KEY_UIApplicationSupportsIndirectInputEvents = YES;
				INFOPLIST_KEY_UILaunchScreen_Generation = YES;
				INFOPLIST_KEY_UISupportedInterfaceOrientations_iPad = "UIInterfaceOrientationPortrait UIInterfaceOrientationPortraitUpsideDown UIInterfaceOrientationLandscapeLeft UIInterfaceOrientationLandscapeRight";
				INFOPLIST_KEY_UISupportedInterfaceOrientations_iPhone = "UIInterfaceOrientationPortrait UIInterfaceOrientationLandscapeLeft UIInterfaceOrientationLandscapeRight";
				IPHONEOS_DEPLOYMENT_TARGET = 15.5;
				LD_RUNPATH_SEARCH_PATHS = (
					"$(inherited)",
					"@executable_path/Frameworks",
				);
				MARKETING_VERSION = 1.0;
				PRODUCT_BUNDLE_IDENTIFIER = "com.ghafla.aibo-cora.MindValley";
				PRODUCT_NAME = MindValley;
				SDKROOT = iphoneos;
				SWIFT_EMIT_LOC_STRINGS = YES;
				SWIFT_VERSION = 5.0;
				TARGETED_DEVICE_FAMILY = "1,2";
			};
			name = Debug;
		};
		DE58C4F1286E1AD000384F17 /* Release */ = {
			isa = XCBuildConfiguration;
			buildSettings = {
				ASSETCATALOG_COMPILER_APPICON_NAME = AppIcon;
				ASSETCATALOG_COMPILER_GLOBAL_ACCENT_COLOR_NAME = AccentColor;
				CODE_SIGN_STYLE = Automatic;
				CURRENT_PROJECT_VERSION = 1;
				DEVELOPMENT_TEAM = R6F5KHKKNX;
				ENABLE_PREVIEWS = YES;
				GENERATE_INFOPLIST_FILE = YES;
				INFOPLIST_FILE = "MindValley--iOS--Info.plist";
				INFOPLIST_KEY_UIApplicationSceneManifest_Generation = YES;
				INFOPLIST_KEY_UIApplicationSupportsIndirectInputEvents = YES;
				INFOPLIST_KEY_UILaunchScreen_Generation = YES;
				INFOPLIST_KEY_UISupportedInterfaceOrientations_iPad = "UIInterfaceOrientationPortrait UIInterfaceOrientationPortraitUpsideDown UIInterfaceOrientationLandscapeLeft UIInterfaceOrientationLandscapeRight";
				INFOPLIST_KEY_UISupportedInterfaceOrientations_iPhone = "UIInterfaceOrientationPortrait UIInterfaceOrientationLandscapeLeft UIInterfaceOrientationLandscapeRight";
				IPHONEOS_DEPLOYMENT_TARGET = 15.5;
				LD_RUNPATH_SEARCH_PATHS = (
					"$(inherited)",
					"@executable_path/Frameworks",
				);
				MARKETING_VERSION = 1.0;
				PRODUCT_BUNDLE_IDENTIFIER = "com.ghafla.aibo-cora.MindValley";
				PRODUCT_NAME = MindValley;
				SDKROOT = iphoneos;
				SWIFT_EMIT_LOC_STRINGS = YES;
				SWIFT_VERSION = 5.0;
				TARGETED_DEVICE_FAMILY = "1,2";
				VALIDATE_PRODUCT = YES;
			};
			name = Release;
		};
		DE58C4F3286E1AD000384F17 /* Debug */ = {
			isa = XCBuildConfiguration;
			buildSettings = {
				ASSETCATALOG_COMPILER_APPICON_NAME = AppIcon;
				ASSETCATALOG_COMPILER_GLOBAL_ACCENT_COLOR_NAME = AccentColor;
				CODE_SIGN_ENTITLEMENTS = macOS/macOS.entitlements;
				CODE_SIGN_STYLE = Automatic;
				COMBINE_HIDPI_IMAGES = YES;
				CURRENT_PROJECT_VERSION = 1;
				DEVELOPMENT_TEAM = R6F5KHKKNX;
				ENABLE_HARDENED_RUNTIME = YES;
				ENABLE_PREVIEWS = YES;
				GENERATE_INFOPLIST_FILE = YES;
				INFOPLIST_KEY_NSHumanReadableCopyright = "";
				LD_RUNPATH_SEARCH_PATHS = (
					"$(inherited)",
					"@executable_path/../Frameworks",
				);
				MACOSX_DEPLOYMENT_TARGET = 12.3;
				MARKETING_VERSION = 1.0;
				PRODUCT_BUNDLE_IDENTIFIER = "com.ghafla.aibo-cora.MindValley";
				PRODUCT_NAME = MindValley;
				SDKROOT = macosx;
				SWIFT_EMIT_LOC_STRINGS = YES;
				SWIFT_VERSION = 5.0;
			};
			name = Debug;
		};
		DE58C4F4286E1AD000384F17 /* Release */ = {
			isa = XCBuildConfiguration;
			buildSettings = {
				ASSETCATALOG_COMPILER_APPICON_NAME = AppIcon;
				ASSETCATALOG_COMPILER_GLOBAL_ACCENT_COLOR_NAME = AccentColor;
				CODE_SIGN_ENTITLEMENTS = macOS/macOS.entitlements;
				CODE_SIGN_STYLE = Automatic;
				COMBINE_HIDPI_IMAGES = YES;
				CURRENT_PROJECT_VERSION = 1;
				DEVELOPMENT_TEAM = R6F5KHKKNX;
				ENABLE_HARDENED_RUNTIME = YES;
				ENABLE_PREVIEWS = YES;
				GENERATE_INFOPLIST_FILE = YES;
				INFOPLIST_KEY_NSHumanReadableCopyright = "";
				LD_RUNPATH_SEARCH_PATHS = (
					"$(inherited)",
					"@executable_path/../Frameworks",
				);
				MACOSX_DEPLOYMENT_TARGET = 12.3;
				MARKETING_VERSION = 1.0;
				PRODUCT_BUNDLE_IDENTIFIER = "com.ghafla.aibo-cora.MindValley";
				PRODUCT_NAME = MindValley;
				SDKROOT = macosx;
				SWIFT_EMIT_LOC_STRINGS = YES;
				SWIFT_VERSION = 5.0;
			};
			name = Release;
		};
		DE58C4F6286E1AD000384F17 /* Debug */ = {
			isa = XCBuildConfiguration;
			buildSettings = {
				ALWAYS_EMBED_SWIFT_STANDARD_LIBRARIES = YES;
				CODE_SIGN_STYLE = Automatic;
				CURRENT_PROJECT_VERSION = 1;
				DEVELOPMENT_TEAM = R6F5KHKKNX;
				GENERATE_INFOPLIST_FILE = YES;
				IPHONEOS_DEPLOYMENT_TARGET = 15.5;
				MARKETING_VERSION = 1.0;
				PRODUCT_BUNDLE_IDENTIFIER = "com.ghafla.aibo-cora.Tests-iOS";
				PRODUCT_NAME = "$(TARGET_NAME)";
				SDKROOT = iphoneos;
				SWIFT_EMIT_LOC_STRINGS = NO;
				SWIFT_VERSION = 5.0;
				TARGETED_DEVICE_FAMILY = "1,2";
				TEST_TARGET_NAME = "MindValley (iOS)";
			};
			name = Debug;
		};
		DE58C4F7286E1AD000384F17 /* Release */ = {
			isa = XCBuildConfiguration;
			buildSettings = {
				ALWAYS_EMBED_SWIFT_STANDARD_LIBRARIES = YES;
				CODE_SIGN_STYLE = Automatic;
				CURRENT_PROJECT_VERSION = 1;
				DEVELOPMENT_TEAM = R6F5KHKKNX;
				GENERATE_INFOPLIST_FILE = YES;
				IPHONEOS_DEPLOYMENT_TARGET = 15.5;
				MARKETING_VERSION = 1.0;
				PRODUCT_BUNDLE_IDENTIFIER = "com.ghafla.aibo-cora.Tests-iOS";
				PRODUCT_NAME = "$(TARGET_NAME)";
				SDKROOT = iphoneos;
				SWIFT_EMIT_LOC_STRINGS = NO;
				SWIFT_VERSION = 5.0;
				TARGETED_DEVICE_FAMILY = "1,2";
				TEST_TARGET_NAME = "MindValley (iOS)";
				VALIDATE_PRODUCT = YES;
			};
			name = Release;
		};
		DE58C4F9286E1AD000384F17 /* Debug */ = {
			isa = XCBuildConfiguration;
			buildSettings = {
				ALWAYS_EMBED_SWIFT_STANDARD_LIBRARIES = YES;
				CODE_SIGN_STYLE = Automatic;
				CURRENT_PROJECT_VERSION = 1;
				DEVELOPMENT_TEAM = R6F5KHKKNX;
				GENERATE_INFOPLIST_FILE = YES;
				MACOSX_DEPLOYMENT_TARGET = 12.3;
				MARKETING_VERSION = 1.0;
				PRODUCT_BUNDLE_IDENTIFIER = "com.ghafla.aibo-cora.Tests-macOS";
				PRODUCT_NAME = "$(TARGET_NAME)";
				SDKROOT = macosx;
				SWIFT_EMIT_LOC_STRINGS = NO;
				SWIFT_VERSION = 5.0;
				TEST_TARGET_NAME = "MindValley (macOS)";
			};
			name = Debug;
		};
		DE58C4FA286E1AD000384F17 /* Release */ = {
			isa = XCBuildConfiguration;
			buildSettings = {
				ALWAYS_EMBED_SWIFT_STANDARD_LIBRARIES = YES;
				CODE_SIGN_STYLE = Automatic;
				CURRENT_PROJECT_VERSION = 1;
				DEVELOPMENT_TEAM = R6F5KHKKNX;
				GENERATE_INFOPLIST_FILE = YES;
				MACOSX_DEPLOYMENT_TARGET = 12.3;
				MARKETING_VERSION = 1.0;
				PRODUCT_BUNDLE_IDENTIFIER = "com.ghafla.aibo-cora.Tests-macOS";
				PRODUCT_NAME = "$(TARGET_NAME)";
				SDKROOT = macosx;
				SWIFT_EMIT_LOC_STRINGS = NO;
				SWIFT_VERSION = 5.0;
				TEST_TARGET_NAME = "MindValley (macOS)";
			};
			name = Release;
		};
/* End XCBuildConfiguration section */

/* Begin XCConfigurationList section */
		DE58C4BD286E1ACE00384F17 /* Build configuration list for PBXProject "MindValley" */ = {
			isa = XCConfigurationList;
			buildConfigurations = (
				DE58C4ED286E1AD000384F17 /* Debug */,
				DE58C4EE286E1AD000384F17 /* Release */,
			);
			defaultConfigurationIsVisible = 0;
			defaultConfigurationName = Release;
		};
		DE58C4EF286E1AD000384F17 /* Build configuration list for PBXNativeTarget "MindValley (iOS)" */ = {
			isa = XCConfigurationList;
			buildConfigurations = (
				DE58C4F0286E1AD000384F17 /* Debug */,
				DE58C4F1286E1AD000384F17 /* Release */,
			);
			defaultConfigurationIsVisible = 0;
			defaultConfigurationName = Release;
		};
		DE58C4F2286E1AD000384F17 /* Build configuration list for PBXNativeTarget "MindValley (macOS)" */ = {
			isa = XCConfigurationList;
			buildConfigurations = (
				DE58C4F3286E1AD000384F17 /* Debug */,
				DE58C4F4286E1AD000384F17 /* Release */,
			);
			defaultConfigurationIsVisible = 0;
			defaultConfigurationName = Release;
		};
		DE58C4F5286E1AD000384F17 /* Build configuration list for PBXNativeTarget "Tests iOS" */ = {
			isa = XCConfigurationList;
			buildConfigurations = (
				DE58C4F6286E1AD000384F17 /* Debug */,
				DE58C4F7286E1AD000384F17 /* Release */,
			);
			defaultConfigurationIsVisible = 0;
			defaultConfigurationName = Release;
		};
		DE58C4F8286E1AD000384F17 /* Build configuration list for PBXNativeTarget "Tests macOS" */ = {
			isa = XCConfigurationList;
			buildConfigurations = (
				DE58C4F9286E1AD000384F17 /* Debug */,
				DE58C4FA286E1AD000384F17 /* Release */,
			);
			defaultConfigurationIsVisible = 0;
			defaultConfigurationName = Release;
		};
/* End XCConfigurationList section */

/* Begin XCRemoteSwiftPackageReference section */
		DE2F3C4128739CE800B6D324 /* XCRemoteSwiftPackageReference "NukeUI" */ = {
			isa = XCRemoteSwiftPackageReference;
			repositoryURL = "git@github.com:kean/NukeUI.git";
			requirement = {
				kind = upToNextMajorVersion;
				minimumVersion = 0.8.3;
			};
		};
/* End XCRemoteSwiftPackageReference section */

/* Begin XCSwiftPackageProductDependency section */
		DE2F3C4228739CE800B6D324 /* NukeUI */ = {
			isa = XCSwiftPackageProductDependency;
			package = DE2F3C4128739CE800B6D324 /* XCRemoteSwiftPackageReference "NukeUI" */;
			productName = NukeUI;
		};
/* End XCSwiftPackageProductDependency section */
	};
	rootObject = DE58C4BA286E1ACE00384F17 /* Project object */;
}
